// !$*UTF8*$!
{
	archiveVersion = 1;
	classes = {
	};
	objectVersion = 55;
	objects = {

/* Begin PBXBuildFile section */
		2D558766288F6AA700498BC4 /* main.cpp in Sources */ = {isa = PBXBuildFile; fileRef = 2D558765288F6AA700498BC4 /* main.cpp */; };
		2D558771288F6C9D00498BC4 /* bank.cpp in Sources */ = {isa = PBXBuildFile; fileRef = 2D55876F288F6C9D00498BC4 /* bank.cpp */; };
		2D558774288F6EA000498BC4 /* dealer.cpp in Sources */ = {isa = PBXBuildFile; fileRef = 2D558772288F6EA000498BC4 /* dealer.cpp */; };
		2D55877A288F72E500498BC4 /* shoe.cpp in Sources */ = {isa = PBXBuildFile; fileRef = 2D558778288F72E500498BC4 /* shoe.cpp */; };
		2DD1D45A28930B9B008BB6E6 /* hand.cpp in Sources */ = {isa = PBXBuildFile; fileRef = 2DD1D45828930B9A008BB6E6 /* hand.cpp */; };
/* End PBXBuildFile section */

/* Begin PBXCopyFilesBuildPhase section */
		2D558760288F6AA700498BC4 /* CopyFiles */ = {
			isa = PBXCopyFilesBuildPhase;
			buildActionMask = 2147483647;
			dstPath = /usr/share/man/man1/;
			dstSubfolderSpec = 0;
			files = (
			);
			runOnlyForDeploymentPostprocessing = 1;
		};
/* End PBXCopyFilesBuildPhase section */

/* Begin PBXFileReference section */
		2D558762288F6AA700498BC4 /* CountingCards */ = {isa = PBXFileReference; explicitFileType = "compiled.mach-o.executable"; includeInIndex = 0; path = CountingCards; sourceTree = BUILT_PRODUCTS_DIR; };
		2D558765288F6AA700498BC4 /* main.cpp */ = {isa = PBXFileReference; lastKnownFileType = sourcecode.cpp.cpp; path = main.cpp; sourceTree = "<group>"; };
		2D55876F288F6C9D00498BC4 /* bank.cpp */ = {isa = PBXFileReference; lastKnownFileType = sourcecode.cpp.cpp; path = bank.cpp; sourceTree = "<group>"; };
		2D558770288F6C9D00498BC4 /* bank.hpp */ = {isa = PBXFileReference; lastKnownFileType = sourcecode.cpp.h; path = bank.hpp; sourceTree = "<group>"; };
		2D558772288F6EA000498BC4 /* dealer.cpp */ = {isa = PBXFileReference; lastKnownFileType = sourcecode.cpp.cpp; path = dealer.cpp; sourceTree = "<group>"; };
		2D558773288F6EA000498BC4 /* dealer.hpp */ = {isa = PBXFileReference; lastKnownFileType = sourcecode.cpp.h; path = dealer.hpp; sourceTree = "<group>"; };
		2D558778288F72E500498BC4 /* shoe.cpp */ = {isa = PBXFileReference; lastKnownFileType = sourcecode.cpp.cpp; path = shoe.cpp; sourceTree = "<group>"; };
		2D558779288F72E500498BC4 /* shoe.hpp */ = {isa = PBXFileReference; lastKnownFileType = sourcecode.cpp.h; path = shoe.hpp; sourceTree = "<group>"; };
		2DD1D45828930B9A008BB6E6 /* hand.cpp */ = {isa = PBXFileReference; lastKnownFileType = sourcecode.cpp.cpp; path = hand.cpp; sourceTree = "<group>"; };
		2DD1D45928930B9A008BB6E6 /* hand.hpp */ = {isa = PBXFileReference; lastKnownFileType = sourcecode.cpp.h; path = hand.hpp; sourceTree = "<group>"; };
/* End PBXFileReference section */

/* Begin PBXFrameworksBuildPhase section */
		2D55875F288F6AA700498BC4 /* Frameworks */ = {
			isa = PBXFrameworksBuildPhase;
			buildActionMask = 2147483647;
			files = (
			);
			runOnlyForDeploymentPostprocessing = 0;
		};
/* End PBXFrameworksBuildPhase section */

/* Begin PBXGroup section */
		2D558759288F6AA700498BC4 = {
			isa = PBXGroup;
			children = (
				2D558764288F6AA700498BC4 /* CountingCards */,
				2D558763288F6AA700498BC4 /* Products */,
			);
			sourceTree = "<group>";
		};
		2D558763288F6AA700498BC4 /* Products */ = {
			isa = PBXGroup;
			children = (
				2D558762288F6AA700498BC4 /* CountingCards */,
			);
			name = Products;
			sourceTree = "<group>";
		};
		2D558764288F6AA700498BC4 /* CountingCards */ = {
			isa = PBXGroup;
			children = (
				2D558765288F6AA700498BC4 /* main.cpp */,
				2D55876F288F6C9D00498BC4 /* bank.cpp */,
				2D558770288F6C9D00498BC4 /* bank.hpp */,
				2D558772288F6EA000498BC4 /* dealer.cpp */,
				2D558773288F6EA000498BC4 /* dealer.hpp */,
				2DD1D45828930B9A008BB6E6 /* hand.cpp */,
				2DD1D45928930B9A008BB6E6 /* hand.hpp */,
				2D558778288F72E500498BC4 /* shoe.cpp */,
				2D558779288F72E500498BC4 /* shoe.hpp */,
			);
			path = CountingCards;
			sourceTree = "<group>";
		};
/* End PBXGroup section */

/* Begin PBXNativeTarget section */
		2D558761288F6AA700498BC4 /* CountingCards */ = {
			isa = PBXNativeTarget;
			buildConfigurationList = 2D558769288F6AA700498BC4 /* Build configuration list for PBXNativeTarget "CountingCards" */;
			buildPhases = (
				2D55875E288F6AA700498BC4 /* Sources */,
				2D55875F288F6AA700498BC4 /* Frameworks */,
				2D558760288F6AA700498BC4 /* CopyFiles */,
			);
			buildRules = (
			);
			dependencies = (
			);
			name = CountingCards;
			productName = CountingCards;
			productReference = 2D558762288F6AA700498BC4 /* CountingCards */;
			productType = "com.apple.product-type.tool";
		};
/* End PBXNativeTarget section */

/* Begin PBXProject section */
		2D55875A288F6AA700498BC4 /* Project object */ = {
			isa = PBXProject;
			attributes = {
				BuildIndependentTargetsInParallel = 1;
				LastUpgradeCheck = 1340;
				TargetAttributes = {
					2D558761288F6AA700498BC4 = {
						CreatedOnToolsVersion = 13.4;
					};
				};
			};
			buildConfigurationList = 2D55875D288F6AA700498BC4 /* Build configuration list for PBXProject "CountingCards" */;
			compatibilityVersion = "Xcode 13.0";
			developmentRegion = en;
			hasScannedForEncodings = 0;
			knownRegions = (
				en,
				Base,
			);
			mainGroup = 2D558759288F6AA700498BC4;
			productRefGroup = 2D558763288F6AA700498BC4 /* Products */;
			projectDirPath = "";
			projectRoot = "";
			targets = (
				2D558761288F6AA700498BC4 /* CountingCards */,
			);
		};
/* End PBXProject section */

/* Begin PBXSourcesBuildPhase section */
		2D55875E288F6AA700498BC4 /* Sources */ = {
			isa = PBXSourcesBuildPhase;
			buildActionMask = 2147483647;
			files = (
				2DD1D45A28930B9B008BB6E6 /* hand.cpp in Sources */,
				2D558774288F6EA000498BC4 /* dealer.cpp in Sources */,
				2D55877A288F72E500498BC4 /* shoe.cpp in Sources */,
				2D558766288F6AA700498BC4 /* main.cpp in Sources */,
				2D558771288F6C9D00498BC4 /* bank.cpp in Sources */,
			);
			runOnlyForDeploymentPostprocessing = 0;
		};
/* End PBXSourcesBuildPhase section */

/* Begin XCBuildConfiguration section */
		2D558767288F6AA700498BC4 /* Debug */ = {
			isa = XCBuildConfiguration;
			buildSettings = {
				ALWAYS_SEARCH_USER_PATHS = NO;
				CLANG_ANALYZER_NONNULL = YES;
				CLANG_ANALYZER_NUMBER_OBJECT_CONVERSION = YES_AGGRESSIVE;
				CLANG_CXX_LANGUAGE_STANDARD = "gnu++17";
				CLANG_ENABLE_MODULES = YES;
				CLANG_ENABLE_OBJC_ARC = YES;
				CLANG_ENABLE_OBJC_WEAK = YES;
				CLANG_WARN_BLOCK_CAPTURE_AUTORELEASING = YES;
				CLANG_WARN_BOOL_CONVERSION = YES;
				CLANG_WARN_COMMA = YES;
				CLANG_WARN_CONSTANT_CONVERSION = YES;
				CLANG_WARN_DEPRECATED_OBJC_IMPLEMENTATIONS = YES;
				CLANG_WARN_DIRECT_OBJC_ISA_USAGE = YES_ERROR;
				CLANG_WARN_DOCUMENTATION_COMMENTS = YES;
				CLANG_WARN_EMPTY_BODY = YES;
				CLANG_WARN_ENUM_CONVERSION = YES;
				CLANG_WARN_INFINITE_RECURSION = YES;
				CLANG_WARN_INT_CONVERSION = YES;
				CLANG_WARN_NON_LITERAL_NULL_CONVERSION = YES;
				CLANG_WARN_OBJC_IMPLICIT_RETAIN_SELF = YES;
				CLANG_WARN_OBJC_LITERAL_CONVERSION = YES;
				CLANG_WARN_OBJC_ROOT_CLASS = YES_ERROR;
				CLANG_WARN_QUOTED_INCLUDE_IN_FRAMEWORK_HEADER = YES;
				CLANG_WARN_RANGE_LOOP_ANALYSIS = YES;
				CLANG_WARN_STRICT_PROTOTYPES = YES;
				CLANG_WARN_SUSPICIOUS_MOVE = YES;
				CLANG_WARN_UNGUARDED_AVAILABILITY = YES_AGGRESSIVE;
				CLANG_WARN_UNREACHABLE_CODE = YES;
				CLANG_WARN__DUPLICATE_METHOD_MATCH = YES;
				COPY_PHASE_STRIP = NO;
				DEBUG_INFORMATION_FORMAT = dwarf;
				ENABLE_STRICT_OBJC_MSGSEND = YES;
				ENABLE_TESTABILITY = YES;
				GCC_C_LANGUAGE_STANDARD = gnu11;
				GCC_DYNAMIC_NO_PIC = NO;
				GCC_NO_COMMON_BLOCKS = YES;
				GCC_OPTIMIZATION_LEVEL = 0;
				GCC_PREPROCESSOR_DEFINITIONS = (
					"DEBUG=1",
					"$(inherited)",
				);
				GCC_WARN_64_TO_32_BIT_CONVERSION = YES;
				GCC_WARN_ABOUT_RETURN_TYPE = YES_ERROR;
				GCC_WARN_UNDECLARED_SELECTOR = YES;
				GCC_WARN_UNINITIALIZED_AUTOS = YES_AGGRESSIVE;
				GCC_WARN_UNUSED_FUNCTION = YES;
				GCC_WARN_UNUSED_VARIABLE = YES;
				MACOSX_DEPLOYMENT_TARGET = 12.3;
				MTL_ENABLE_DEBUG_INFO = INCLUDE_SOURCE;
				MTL_FAST_MATH = YES;
				ONLY_ACTIVE_ARCH = YES;
				SDKROOT = macosx;
			};
			name = Debug;
		};
		2D558768288F6AA700498BC4 /* Release */ = {
			isa = XCBuildConfiguration;
			buildSettings = {
				ALWAYS_SEARCH_USER_PATHS = NO;
				CLANG_ANALYZER_NONNULL = YES;
				CLANG_ANALYZER_NUMBER_OBJECT_CONVERSION = YES_AGGRESSIVE;
				CLANG_CXX_LANGUAGE_STANDARD = "gnu++17";
				CLANG_ENABLE_MODULES = YES;
				CLANG_ENABLE_OBJC_ARC = YES;
				CLANG_ENABLE_OBJC_WEAK = YES;
				CLANG_WARN_BLOCK_CAPTURE_AUTORELEASING = YES;
				CLANG_WARN_BOOL_CONVERSION = YES;
				CLANG_WARN_COMMA = YES;
				CLANG_WARN_CONSTANT_CONVERSION = YES;
				CLANG_WARN_DEPRECATED_OBJC_IMPLEMENTATIONS = YES;
				CLANG_WARN_DIRECT_OBJC_ISA_USAGE = YES_ERROR;
				CLANG_WARN_DOCUMENTATION_COMMENTS = YES;
				CLANG_WARN_EMPTY_BODY = YES;
				CLANG_WARN_ENUM_CONVERSION = YES;
				CLANG_WARN_INFINITE_RECURSION = YES;
				CLANG_WARN_INT_CONVERSION = YES;
				CLANG_WARN_NON_LITERAL_NULL_CONVERSION = YES;
				CLANG_WARN_OBJC_IMPLICIT_RETAIN_SELF = YES;
				CLANG_WARN_OBJC_LITERAL_CONVERSION = YES;
				CLANG_WARN_OBJC_ROOT_CLASS = YES_ERROR;
				CLANG_WARN_QUOTED_INCLUDE_IN_FRAMEWORK_HEADER = YES;
				CLANG_WARN_RANGE_LOOP_ANALYSIS = YES;
				CLANG_WARN_STRICT_PROTOTYPES = YES;
				CLANG_WARN_SUSPICIOUS_MOVE = YES;
				CLANG_WARN_UNGUARDED_AVAILABILITY = YES_AGGRESSIVE;
				CLANG_WARN_UNREACHABLE_CODE = YES;
				CLANG_WARN__DUPLICATE_METHOD_MATCH = YES;
				COPY_PHASE_STRIP = NO;
				DEBUG_INFORMATION_FORMAT = "dwarf-with-dsym";
				ENABLE_NS_ASSERTIONS = NO;
				ENABLE_STRICT_OBJC_MSGSEND = YES;
				GCC_C_LANGUAGE_STANDARD = gnu11;
				GCC_NO_COMMON_BLOCKS = YES;
				GCC_WARN_64_TO_32_BIT_CONVERSION = YES;
				GCC_WARN_ABOUT_RETURN_TYPE = YES_ERROR;
				GCC_WARN_UNDECLARED_SELECTOR = YES;
				GCC_WARN_UNINITIALIZED_AUTOS = YES_AGGRESSIVE;
				GCC_WARN_UNUSED_FUNCTION = YES;
				GCC_WARN_UNUSED_VARIABLE = YES;
				MACOSX_DEPLOYMENT_TARGET = 12.3;
				MTL_ENABLE_DEBUG_INFO = NO;
				MTL_FAST_MATH = YES;
				SDKROOT = macosx;
			};
			name = Release;
		};
		2D55876A288F6AA700498BC4 /* Debug */ = {
			isa = XCBuildConfiguration;
			buildSettings = {
				CODE_SIGN_STYLE = Automatic;
				PRODUCT_NAME = "$(TARGET_NAME)";
			};
			name = Debug;
		};
		2D55876B288F6AA700498BC4 /* Release */ = {
			isa = XCBuildConfiguration;
			buildSettings = {
				CODE_SIGN_STYLE = Automatic;
				PRODUCT_NAME = "$(TARGET_NAME)";
			};
			name = Release;
		};
/* End XCBuildConfiguration section */

/* Begin XCConfigurationList section */
		2D55875D288F6AA700498BC4 /* Build configuration list for PBXProject "CountingCards" */ = {
			isa = XCConfigurationList;
			buildConfigurations = (
				2D558767288F6AA700498BC4 /* Debug */,
				2D558768288F6AA700498BC4 /* Release */,
			);
			defaultConfigurationIsVisible = 0;
			defaultConfigurationName = Release;
		};
		2D558769288F6AA700498BC4 /* Build configuration list for PBXNativeTarget "CountingCards" */ = {
			isa = XCConfigurationList;
			buildConfigurations = (
				2D55876A288F6AA700498BC4 /* Debug */,
				2D55876B288F6AA700498BC4 /* Release */,
			);
			defaultConfigurationIsVisible = 0;
			defaultConfigurationName = Release;
		};
/* End XCConfigurationList section */
	};
	rootObject = 2D55875A288F6AA700498BC4 /* Project object */;
}
